
Microsoft Visual Studio Solution File, Format Version 12.00
# Visual Studio 15
VisualStudioVersion = 15.0.27703.2042
MinimumVisualStudioVersion = 10.0.40219.1
Project("{9A19103F-16F7-4668-BE54-9A1E7A4F7556}") = "Kata008", "Kata008\Kata008.csproj", "{265DF577-6CAE-4E5F-9660-4EE255104C26}"
EndProject
Project("{FAE04EC0-301F-11D3-BF4B-00C04F79EFBC}") = "Kata008.Test", "Kata008.Test\Kata008.Test.csproj", "{8094F0EE-E6A3-4622-87E3-B9B78A34153A}"
EndProject
Global
	GlobalSection(SolutionConfigurationPlatforms) = preSolution
		Debug|Any CPU = Debug|Any CPU
		Release|Any CPU = Release|Any CPU
	EndGlobalSection
	GlobalSection(ProjectConfigurationPlatforms) = postSolution
		{265DF577-6CAE-4E5F-9660-4EE255104C26}.Debug|Any CPU.ActiveCfg = Debug|Any CPU
		{265DF577-6CAE-4E5F-9660-4EE255104C26}.Debug|Any CPU.Build.0 = Debug|Any CPU
		{265DF577-6CAE-4E5F-9660-4EE255104C26}.Release|Any CPU.ActiveCfg = Release|Any CPU
		{265DF577-6CAE-4E5F-9660-4EE255104C26}.Release|Any CPU.Build.0 = Release|Any CPU
		{8094F0EE-E6A3-4622-87E3-B9B78A34153A}.Debug|Any CPU.ActiveCfg = Debug|Any CPU
		{8094F0EE-E6A3-4622-87E3-B9B78A34153A}.Debug|Any CPU.Build.0 = Debug|Any CPU
		{8094F0EE-E6A3-4622-87E3-B9B78A34153A}.Release|Any CPU.ActiveCfg = Release|Any CPU
		{8094F0EE-E6A3-4622-87E3-B9B78A34153A}.Release|Any CPU.Build.0 = Release|Any CPU
	EndGlobalSection
	GlobalSection(SolutionProperties) = preSolution
		HideSolutionNode = FALSE
	EndGlobalSection
	GlobalSection(ExtensibilityGlobals) = postSolution
		SolutionGuid = {395A3E0D-60D0-4841-B96B-B2B16D5DFE46}
	EndGlobalSection
EndGlobal
